// !$*UTF8*$!
{
	archiveVersion = 1;
	classes = {
	};
	objectVersion = 55;
	objects = {

/* Begin PBXBuildFile section */
		BD7A7AFB274B97620042188E /* PersonalInformationApp.swift in Sources */ = {isa = PBXBuildFile; fileRef = BD7A7AFA274B97620042188E /* PersonalInformationApp.swift */; };
		BD7A7AFD274B97620042188E /* ContentView.swift in Sources */ = {isa = PBXBuildFile; fileRef = BD7A7AFC274B97620042188E /* ContentView.swift */; };
		BD7A7AFF274B97640042188E /* Assets.xcassets in Resources */ = {isa = PBXBuildFile; fileRef = BD7A7AFE274B97640042188E /* Assets.xcassets */; };
		BD7A7B02274B97640042188E /* Preview Assets.xcassets in Resources */ = {isa = PBXBuildFile; fileRef = BD7A7B01274B97640042188E /* Preview Assets.xcassets */; };
		BD7A7B09274B979B0042188E /* Home.swift in Sources */ = {isa = PBXBuildFile; fileRef = BD7A7B08274B979B0042188E /* Home.swift */; };
		BD7A7B0B274B9DAB0042188E /* ChildRow.swift in Sources */ = {isa = PBXBuildFile; fileRef = BD7A7B0A274B9DAB0042188E /* ChildRow.swift */; };
		BD7A7B0D274C157E0042188E /* ViewModel.swift in Sources */ = {isa = PBXBuildFile; fileRef = BD7A7B0C274C157E0042188E /* ViewModel.swift */; };
		BDAFB1AD283AA04A00579E2D /* Child.swift in Sources */ = {isa = PBXBuildFile; fileRef = BDAFB1AC283AA04A00579E2D /* Child.swift */; };
/* End PBXBuildFile section */

/* Begin PBXFileReference section */
		BD7A7AF7274B97620042188E /* PersonalInformation.app */ = {isa = PBXFileReference; explicitFileType = wrapper.application; includeInIndex = 0; path = PersonalInformation.app; sourceTree = BUILT_PRODUCTS_DIR; };
		BD7A7AFA274B97620042188E /* PersonalInformationApp.swift */ = {isa = PBXFileReference; lastKnownFileType = sourcecode.swift; path = PersonalInformationApp.swift; sourceTree = "<group>"; };
		BD7A7AFC274B97620042188E /* ContentView.swift */ = {isa = PBXFileReference; lastKnownFileType = sourcecode.swift; path = ContentView.swift; sourceTree = "<group>"; };
		BD7A7AFE274B97640042188E /* Assets.xcassets */ = {isa = PBXFileReference; lastKnownFileType = folder.assetcatalog; path = Assets.xcassets; sourceTree = "<group>"; };
		BD7A7B01274B97640042188E /* Preview Assets.xcassets */ = {isa = PBXFileReference; lastKnownFileType = folder.assetcatalog; path = "Preview Assets.xcassets"; sourceTree = "<group>"; };
		BD7A7B08274B979B0042188E /* Home.swift */ = {isa = PBXFileReference; lastKnownFileType = sourcecode.swift; path = Home.swift; sourceTree = "<group>"; };
		BD7A7B0A274B9DAB0042188E /* ChildRow.swift */ = {isa = PBXFileReference; lastKnownFileType = sourcecode.swift; path = ChildRow.swift; sourceTree = "<group>"; };
		BD7A7B0C274C157E0042188E /* ViewModel.swift */ = {isa = PBXFileReference; lastKnownFileType = sourcecode.swift; path = ViewModel.swift; sourceTree = "<group>"; };
		BDAFB1AC283AA04A00579E2D /* Child.swift */ = {isa = PBXFileReference; lastKnownFileType = sourcecode.swift; path = Child.swift; sourceTree = "<group>"; };
/* End PBXFileReference section */

/* Begin PBXFrameworksBuildPhase section */
		BD7A7AF4274B97620042188E /* Frameworks */ = {
			isa = PBXFrameworksBuildPhase;
			buildActionMask = 2147483647;
			files = (
			);
			runOnlyForDeploymentPostprocessing = 0;
		};
/* End PBXFrameworksBuildPhase section */

/* Begin PBXGroup section */
		BD7A7AEE274B97620042188E = {
			isa = PBXGroup;
			children = (
				BD7A7AF9274B97620042188E /* PersonalInformation */,
				BD7A7AF8274B97620042188E /* Products */,
			);
			sourceTree = "<group>";
		};
		BD7A7AF8274B97620042188E /* Products */ = {
			isa = PBXGroup;
			children = (
				BD7A7AF7274B97620042188E /* PersonalInformation.app */,
			);
			name = Products;
			sourceTree = "<group>";
		};
		BD7A7AF9274B97620042188E /* PersonalInformation */ = {
			isa = PBXGroup;
			children = (
				BD7A7B10274C16900042188E /* Model */,
				BD7A7B0E274C167E0042188E /* View */,
				BD7A7B0F274C16860042188E /* ViewModel */,
				BD7A7AFA274B97620042188E /* PersonalInformationApp.swift */,
				BD7A7AFC274B97620042188E /* ContentView.swift */,
				BD7A7AFE274B97640042188E /* Assets.xcassets */,
				BD7A7B00274B97640042188E /* Preview Content */,
			);
			path = PersonalInformation;
			sourceTree = "<group>";
		};
		BD7A7B00274B97640042188E /* Preview Content */ = {
			isa = PBXGroup;
			children = (
				BD7A7B01274B97640042188E /* Preview Assets.xcassets */,
			);
			path = "Preview Content";
			sourceTree = "<group>";
		};
		BD7A7B0E274C167E0042188E /* View */ = {
			isa = PBXGroup;
			children = (
				BD7A7B08274B979B0042188E /* Home.swift */,
				BD7A7B0A274B9DAB0042188E /* ChildRow.swift */,
			);
			path = View;
			sourceTree = "<group>";
		};
		BD7A7B0F274C16860042188E /* ViewModel */ = {
			isa = PBXGroup;
			children = (
				BD7A7B0C274C157E0042188E /* ViewModel.swift */,
			);
			path = ViewModel;
			sourceTree = "<group>";
		};
		BD7A7B10274C16900042188E /* Model */ = {
			isa = PBXGroup;
			children = (
				BDAFB1AC283AA04A00579E2D /* Child.swift */,
			);
			path = Model;
			sourceTree = "<group>";
		};
/* End PBXGroup section */

/* Begin PBXNativeTarget section */
		BD7A7AF6274B97620042188E /* PersonalInformation */ = {
			isa = PBXNativeTarget;
			buildConfigurationList = BD7A7B05274B97640042188E /* Build configuration list for PBXNativeTarget "PersonalInformation" */;
			buildPhases = (
				BD7A7AF3274B97620042188E /* Sources */,
				BD7A7AF4274B97620042188E /* Frameworks */,
				BD7A7AF5274B97620042188E /* Resources */,
			);
			buildRules = (
			);
			dependencies = (
			);
			name = PersonalInformation;
			productName = PersonalInformation;
			productReference = BD7A7AF7274B97620042188E /* PersonalInformation.app */;
			productType = "com.apple.product-type.application";
		};
/* End PBXNativeTarget section */

/* Begin PBXProject section */
		BD7A7AEF274B97620042188E /* Project object */ = {
			isa = PBXProject;
			attributes = {
				BuildIndependentTargetsInParallel = 1;
				LastSwiftUpdateCheck = 1310;
				LastUpgradeCheck = 1310;
				TargetAttributes = {
					BD7A7AF6274B97620042188E = {
						CreatedOnToolsVersion = 13.1;
					};
				};
			};
			buildConfigurationList = BD7A7AF2274B97620042188E /* Build configuration list for PBXProject "PersonalInformation" */;
			compatibilityVersion = "Xcode 13.0";
			developmentRegion = en;
			hasScannedForEncodings = 0;
			knownRegions = (
				en,
				Base,
			);
			mainGroup = BD7A7AEE274B97620042188E;
			productRefGroup = BD7A7AF8274B97620042188E /* Products */;
			projectDirPath = "";
			projectRoot = "";
			targets = (
				BD7A7AF6274B97620042188E /* PersonalInformation */,
			);
		};
/* End PBXProject section */

/* Begin PBXResourcesBuildPhase section */
		BD7A7AF5274B97620042188E /* Resources */ = {
			isa = PBXResourcesBuildPhase;
			buildActionMask = 2147483647;
			files = (
				BD7A7B02274B97640042188E /* Preview Assets.xcassets in Resources */,
				BD7A7AFF274B97640042188E /* Assets.xcassets in Resources */,
			);
			runOnlyForDeploymentPostprocessing = 0;
		};
/* End PBXResourcesBuildPhase section */

/* Begin PBXSourcesBuildPhase section */
		BD7A7AF3274B97620042188E /* Sources */ = {
			isa = PBXSourcesBuildPhase;
			buildActionMask = 2147483647;
			files = (
				BD7A7B0D274C157E0042188E /* ViewModel.swift in Sources */,
				BD7A7AFD274B97620042188E /* ContentView.swift in Sources */,
				BDAFB1AD283AA04A00579E2D /* Child.swift in Sources */,
				BD7A7B0B274B9DAB0042188E /* ChildRow.swift in Sources */,
				BD7A7B09274B979B0042188E /* Home.swift in Sources */,
				BD7A7AFB274B97620042188E /* PersonalInformationApp.swift in Sources */,
			);
			runOnlyForDeploymentPostprocessing = 0;
		};
/* End PBXSourcesBuildPhase section */

/* Begin XCBuildConfiguration section */
		BD7A7B03274B97640042188E /* Debug */ = {
			isa = XCBuildConfiguration;
			buildSettings = {
				ALWAYS_SEARCH_USER_PATHS = NO;
				CLANG_ANALYZER_NONNULL = YES;
				CLANG_ANALYZER_NUMBER_OBJECT_CONVERSION = YES_AGGRESSIVE;
				CLANG_CXX_LANGUAGE_STANDARD = "gnu++17";
				CLANG_CXX_LIBRARY = "libc++";
				CLANG_ENABLE_MODULES = YES;
				CLANG_ENABLE_OBJC_ARC = YES;
				CLANG_ENABLE_OBJC_WEAK = YES;
				CLANG_WARN_BLOCK_CAPTURE_AUTORELEASING = YES;
				CLANG_WARN_BOOL_CONVERSION = YES;
				CLANG_WARN_COMMA = YES;
				CLANG_WARN_CONSTANT_CONVERSION = YES;
				CLANG_WARN_DEPRECATED_OBJC_IMPLEMENTATIONS = YES;
				CLANG_WARN_DIRECT_OBJC_ISA_USAGE = YES_ERROR;
				CLANG_WARN_DOCUMENTATION_COMMENTS = YES;
				CLANG_WARN_EMPTY_BODY = YES;
				CLANG_WARN_ENUM_CONVERSION = YES;
				CLANG_WARN_INFINITE_RECURSION = YES;
				CLANG_WARN_INT_CONVERSION = YES;
				CLANG_WARN_NON_LITERAL_NULL_CONVERSION = YES;
				CLANG_WARN_OBJC_IMPLICIT_RETAIN_SELF = YES;
				CLANG_WARN_OBJC_LITERAL_CONVERSION = YES;
				CLANG_WARN_OBJC_ROOT_CLASS = YES_ERROR;
				CLANG_WARN_QUOTED_INCLUDE_IN_FRAMEWORK_HEADER = YES;
				CLANG_WARN_RANGE_LOOP_ANALYSIS = YES;
				CLANG_WARN_STRICT_PROTOTYPES = YES;
				CLANG_WARN_SUSPICIOUS_MOVE = YES;
				CLANG_WARN_UNGUARDED_AVAILABILITY = YES_AGGRESSIVE;
				CLANG_WARN_UNREACHABLE_CODE = YES;
				CLANG_WARN__DUPLICATE_METHOD_MATCH = YES;
				COPY_PHASE_STRIP = NO;
				DEBUG_INFORMATION_FORMAT = dwarf;
				ENABLE_STRICT_OBJC_MSGSEND = YES;
				ENABLE_TESTABILITY = YES;
				GCC_C_LANGUAGE_STANDARD = gnu11;
				GCC_DYNAMIC_NO_PIC = NO;
				GCC_NO_COMMON_BLOCKS = YES;
				GCC_OPTIMIZATION_LEVEL = 0;
				GCC_PREPROCESSOR_DEFINITIONS = (
					"DEBUG=1",
					"$(inherited)",
				);
				GCC_WARN_64_TO_32_BIT_CONVERSION = YES;
				GCC_WARN_ABOUT_RETURN_TYPE = YES_ERROR;
				GCC_WARN_UNDECLARED_SELECTOR = YES;
				GCC_WARN_UNINITIALIZED_AUTOS = YES_AGGRESSIVE;
				GCC_WARN_UNUSED_FUNCTION = YES;
				GCC_WARN_UNUSED_VARIABLE = YES;
				IPHONEOS_DEPLOYMENT_TARGET = 15.0;
				MTL_ENABLE_DEBUG_INFO = INCLUDE_SOURCE;
				MTL_FAST_MATH = YES;
				ONLY_ACTIVE_ARCH = YES;
				SDKROOT = iphoneos;
				SWIFT_ACTIVE_COMPILATION_CONDITIONS = DEBUG;
				SWIFT_OPTIMIZATION_LEVEL = "-Onone";
			};
			name = Debug;
		};
		BD7A7B04274B97640042188E /* Release */ = {
			isa = XCBuildConfiguration;
			buildSettings = {
				ALWAYS_SEARCH_USER_PATHS = NO;
				CLANG_ANALYZER_NONNULL = YES;
				CLANG_ANALYZER_NUMBER_OBJECT_CONVERSION = YES_AGGRESSIVE;
				CLANG_CXX_LANGUAGE_STANDARD = "gnu++17";
				CLANG_CXX_LIBRARY = "libc++";
				CLANG_ENABLE_MODULES = YES;
				CLANG_ENABLE_OBJC_ARC = YES;
				CLANG_ENABLE_OBJC_WEAK = YES;
				CLANG_WARN_BLOCK_CAPTURE_AUTORELEASING = YES;
				CLANG_WARN_BOOL_CONVERSION = YES;
				CLANG_WARN_COMMA = YES;
				CLANG_WARN_CONSTANT_CONVERSION = YES;
				CLANG_WARN_DEPRECATED_OBJC_IMPLEMENTATIONS = YES;
				CLANG_WARN_DIRECT_OBJC_ISA_USAGE = YES_ERROR;
				CLANG_WARN_DOCUMENTATION_COMMENTS = YES;
				CLANG_WARN_EMPTY_BODY = YES;
				CLANG_WARN_ENUM_CONVERSION = YES;
				CLANG_WARN_INFINITE_RECURSION = YES;
				CLANG_WARN_INT_CONVERSION = YES;
				CLANG_WARN_NON_LITERAL_NULL_CONVERSION = YES;
				CLANG_WARN_OBJC_IMPLICIT_RETAIN_SELF = YES;
				CLANG_WARN_OBJC_LITERAL_CONVERSION = YES;
				CLANG_WARN_OBJC_ROOT_CLASS = YES_ERROR;
				CLANG_WARN_QUOTED_INCLUDE_IN_FRAMEWORK_HEADER = YES;
				CLANG_WARN_RANGE_LOOP_ANALYSIS = YES;
				CLANG_WARN_STRICT_PROTOTYPES = YES;
				CLANG_WARN_SUSPICIOUS_MOVE = YES;
				CLANG_WARN_UNGUARDED_AVAILABILITY = YES_AGGRESSIVE;
				CLANG_WARN_UNREACHABLE_CODE = YES;
				CLANG_WARN__DUPLICATE_METHOD_MATCH = YES;
				COPY_PHASE_STRIP = NO;
				DEBUG_INFORMATION_FORMAT = "dwarf-with-dsym";
				ENABLE_NS_ASSERTIONS = NO;
				ENABLE_STRICT_OBJC_MSGSEND = YES;
				GCC_C_LANGUAGE_STANDARD = gnu11;
				GCC_NO_COMMON_BLOCKS = YES;
				GCC_WARN_64_TO_32_BIT_CONVERSION = YES;
				GCC_WARN_ABOUT_RETURN_TYPE = YES_ERROR;
				GCC_WARN_UNDECLARED_SELECTOR = YES;
				GCC_WARN_UNINITIALIZED_AUTOS = YES_AGGRESSIVE;
				GCC_WARN_UNUSED_FUNCTION = YES;
				GCC_WARN_UNUSED_VARIABLE = YES;
				IPHONEOS_DEPLOYMENT_TARGET = 15.0;
				MTL_ENABLE_DEBUG_INFO = NO;
				MTL_FAST_MATH = YES;
				SDKROOT = iphoneos;
				SWIFT_COMPILATION_MODE = wholemodule;
				SWIFT_OPTIMIZATION_LEVEL = "-O";
				VALIDATE_PRODUCT = YES;
			};
			name = Release;
		};
		BD7A7B06274B97640042188E /* Debug */ = {
			isa = XCBuildConfiguration;
			buildSettings = {
				ASSETCATALOG_COMPILER_APPICON_NAME = AppIcon;
				ASSETCATALOG_COMPILER_GLOBAL_ACCENT_COLOR_NAME = AccentColor;
				CODE_SIGN_STYLE = Automatic;
				CURRENT_PROJECT_VERSION = 1;
				DEVELOPMENT_ASSET_PATHS = "\"PersonalInformation/Preview Content\"";
				DEVELOPMENT_TEAM = P745L5C6BY;
				ENABLE_PREVIEWS = YES;
				GENERATE_INFOPLIST_FILE = YES;
				INFOPLIST_KEY_UIApplicationSceneManifest_Generation = YES;
				INFOPLIST_KEY_UIApplicationSupportsIndirectInputEvents = YES;
				INFOPLIST_KEY_UILaunchScreen_Generation = YES;
				INFOPLIST_KEY_UISupportedInterfaceOrientations_iPad = "UIInterfaceOrientationPortrait UIInterfaceOrientationPortraitUpsideDown UIInterfaceOrientationLandscapeLeft UIInterfaceOrientationLandscapeRight";
				INFOPLIST_KEY_UISupportedInterfaceOrientations_iPhone = "UIInterfaceOrientationPortrait UIInterfaceOrientationLandscapeLeft UIInterfaceOrientationLandscapeRight";
				LD_RUNPATH_SEARCH_PATHS = (
					"$(inherited)",
					"@executable_path/Frameworks",
				);
				MARKETING_VERSION = 1.0;
				PRODUCT_BUNDLE_IDENTIFIER = Kvashnin.PersonalInformation;
				PRODUCT_NAME = "$(TARGET_NAME)";
				SWIFT_EMIT_LOC_STRINGS = YES;
				SWIFT_VERSION = 5.0;
				TARGETED_DEVICE_FAMILY = "1,2";
			};
			name = Debug;
		};
		BD7A7B07274B97640042188E /* Release */ = {
			isa = XCBuildConfiguration;
			buildSettings = {
				ASSETCATALOG_COMPILER_APPICON_NAME = AppIcon;
				ASSETCATALOG_COMPILER_GLOBAL_ACCENT_COLOR_NAME = AccentColor;
				CODE_SIGN_STYLE = Automatic;
				CURRENT_PROJECT_VERSION = 1;
				DEVELOPMENT_ASSET_PATHS = "\"PersonalInformation/Preview Content\"";
				DEVELOPMENT_TEAM = P745L5C6BY;
				ENABLE_PREVIEWS = YES;
				GENERATE_INFOPLIST_FILE = YES;
				INFOPLIST_KEY_UIApplicationSceneManifest_Generation = YES;
				INFOPLIST_KEY_UIApplicationSupportsIndirectInputEvents = YES;
				INFOPLIST_KEY_UILaunchScreen_Generation = YES;
				INFOPLIST_KEY_UISupportedInterfaceOrientations_iPad = "UIInterfaceOrientationPortrait UIInterfaceOrientationPortraitUpsideDown UIInterfaceOrientationLandscapeLeft UIInterfaceOrientationLandscapeRight";
				INFOPLIST_KEY_UISupportedInterfaceOrientations_iPhone = "UIInterfaceOrientationPortrait UIInterfaceOrientationLandscapeLeft UIInterfaceOrientationLandscapeRight";
				LD_RUNPATH_SEARCH_PATHS = (
					"$(inherited)",
					"@executable_path/Frameworks",
				);
				MARKETING_VERSION = 1.0;
				PRODUCT_BUNDLE_IDENTIFIER = Kvashnin.PersonalInformation;
				PRODUCT_NAME = "$(TARGET_NAME)";
				SWIFT_EMIT_LOC_STRINGS = YES;
				SWIFT_VERSION = 5.0;
				TARGETED_DEVICE_FAMILY = "1,2";
			};
			name = Release;
		};
/* End XCBuildConfiguration section */

/* Begin XCConfigurationList section */
		BD7A7AF2274B97620042188E /* Build configuration list for PBXProject "PersonalInformation" */ = {
			isa = XCConfigurationList;
			buildConfigurations = (
				BD7A7B03274B97640042188E /* Debug */,
				BD7A7B04274B97640042188E /* Release */,
			);
			defaultConfigurationIsVisible = 0;
			defaultConfigurationName = Release;
		};
		BD7A7B05274B97640042188E /* Build configuration list for PBXNativeTarget "PersonalInformation" */ = {
			isa = XCConfigurationList;
			buildConfigurations = (
				BD7A7B06274B97640042188E /* Debug */,
				BD7A7B07274B97640042188E /* Release */,
			);
			defaultConfigurationIsVisible = 0;
			defaultConfigurationName = Release;
		};
/* End XCConfigurationList section */
	};
	rootObject = BD7A7AEF274B97620042188E /* Project object */;
}
